// !$*UTF8*$!
{
	archiveVersion = 1;
	classes = {
	};
	objectVersion = 50;
	objects = {

/* Begin PBXBuildFile section */
		60798826258E43D500B36647 /* AppDelegate.swift in Sources */ = {isa = PBXBuildFile; fileRef = 60798825258E43D500B36647 /* AppDelegate.swift */; };
		60798828258E43D500B36647 /* SceneDelegate.swift in Sources */ = {isa = PBXBuildFile; fileRef = 60798827258E43D500B36647 /* SceneDelegate.swift */; };
		6079882A258E43D500B36647 /* ViewController.swift in Sources */ = {isa = PBXBuildFile; fileRef = 60798829258E43D500B36647 /* ViewController.swift */; };
		6079882D258E43D500B36647 /* Main.storyboard in Resources */ = {isa = PBXBuildFile; fileRef = 6079882B258E43D500B36647 /* Main.storyboard */; };
		6079882F258E43E300B36647 /* Assets.xcassets in Resources */ = {isa = PBXBuildFile; fileRef = 6079882E258E43E300B36647 /* Assets.xcassets */; };
		60798832258E43E300B36647 /* LaunchScreen.storyboard in Resources */ = {isa = PBXBuildFile; fileRef = 60798830258E43E300B36647 /* LaunchScreen.storyboard */; };
		6079883C258E469200B36647 /* PreLoaderView.swift in Sources */ = {isa = PBXBuildFile; fileRef = 6079883A258E469200B36647 /* PreLoaderView.swift */; };
		6079883D258E469300B36647 /* PreLoaderView.xib in Resources */ = {isa = PBXBuildFile; fileRef = 6079883B258E469200B36647 /* PreLoaderView.xib */; };
/* End PBXBuildFile section */

/* Begin PBXFileReference section */
		60798822258E43D500B36647 /* WebViewWithPreLoaderApp.app */ = {isa = PBXFileReference; explicitFileType = wrapper.application; includeInIndex = 0; path = WebViewWithPreLoaderApp.app; sourceTree = BUILT_PRODUCTS_DIR; };
		60798825258E43D500B36647 /* AppDelegate.swift */ = {isa = PBXFileReference; lastKnownFileType = sourcecode.swift; path = AppDelegate.swift; sourceTree = "<group>"; };
		60798827258E43D500B36647 /* SceneDelegate.swift */ = {isa = PBXFileReference; lastKnownFileType = sourcecode.swift; path = SceneDelegate.swift; sourceTree = "<group>"; };
		60798829258E43D500B36647 /* ViewController.swift */ = {isa = PBXFileReference; lastKnownFileType = sourcecode.swift; path = ViewController.swift; sourceTree = "<group>"; };
		6079882C258E43D500B36647 /* Base */ = {isa = PBXFileReference; lastKnownFileType = file.storyboard; name = Base; path = Base.lproj/Main.storyboard; sourceTree = "<group>"; };
		6079882E258E43E300B36647 /* Assets.xcassets */ = {isa = PBXFileReference; lastKnownFileType = folder.assetcatalog; path = Assets.xcassets; sourceTree = "<group>"; };
		60798831258E43E300B36647 /* Base */ = {isa = PBXFileReference; lastKnownFileType = file.storyboard; name = Base; path = Base.lproj/LaunchScreen.storyboard; sourceTree = "<group>"; };
		60798833258E43E300B36647 /* Info.plist */ = {isa = PBXFileReference; lastKnownFileType = text.plist.xml; path = Info.plist; sourceTree = "<group>"; };
		6079883A258E469200B36647 /* PreLoaderView.swift */ = {isa = PBXFileReference; lastKnownFileType = sourcecode.swift; path = PreLoaderView.swift; sourceTree = "<group>"; };
		6079883B258E469200B36647 /* PreLoaderView.xib */ = {isa = PBXFileReference; lastKnownFileType = file.xib; path = PreLoaderView.xib; sourceTree = "<group>"; };
/* End PBXFileReference section */

/* Begin PBXFrameworksBuildPhase section */
		6079881F258E43D500B36647 /* Frameworks */ = {
			isa = PBXFrameworksBuildPhase;
			buildActionMask = 2147483647;
			files = (
			);
			runOnlyForDeploymentPostprocessing = 0;
		};
/* End PBXFrameworksBuildPhase section */

/* Begin PBXGroup section */
		60798819258E43D500B36647 = {
			isa = PBXGroup;
			children = (
				60798824258E43D500B36647 /* WebViewWithPreLoaderApp */,
				60798823258E43D500B36647 /* Products */,
			);
			sourceTree = "<group>";
		};
		60798823258E43D500B36647 /* Products */ = {
			isa = PBXGroup;
			children = (
				60798822258E43D500B36647 /* WebViewWithPreLoaderApp.app */,
			);
			name = Products;
			sourceTree = "<group>";
		};
		60798824258E43D500B36647 /* WebViewWithPreLoaderApp */ = {
			isa = PBXGroup;
			children = (
				60798825258E43D500B36647 /* AppDelegate.swift */,
				60798827258E43D500B36647 /* SceneDelegate.swift */,
				60798829258E43D500B36647 /* ViewController.swift */,
				6079883A258E469200B36647 /* PreLoaderView.swift */,
				6079883B258E469200B36647 /* PreLoaderView.xib */,
				6079882B258E43D500B36647 /* Main.storyboard */,
				6079882E258E43E300B36647 /* Assets.xcassets */,
				60798830258E43E300B36647 /* LaunchScreen.storyboard */,
				60798833258E43E300B36647 /* Info.plist */,
			);
			path = WebViewWithPreLoaderApp;
			sourceTree = "<group>";
		};
/* End PBXGroup section */

/* Begin PBXNativeTarget section */
		60798821258E43D500B36647 /* WebViewWithPreLoaderApp */ = {
			isa = PBXNativeTarget;
			buildConfigurationList = 60798836258E43E300B36647 /* Build configuration list for PBXNativeTarget "WebViewWithPreLoaderApp" */;
			buildPhases = (
				6079881E258E43D500B36647 /* Sources */,
				6079881F258E43D500B36647 /* Frameworks */,
				60798820258E43D500B36647 /* Resources */,
			);
			buildRules = (
			);
			dependencies = (
			);
			name = WebViewWithPreLoaderApp;
			productName = WebViewWithPreLoaderApp;
			productReference = 60798822258E43D500B36647 /* WebViewWithPreLoaderApp.app */;
			productType = "com.apple.product-type.application";
		};
/* End PBXNativeTarget section */

/* Begin PBXProject section */
		6079881A258E43D500B36647 /* Project object */ = {
			isa = PBXProject;
			attributes = {
				LastSwiftUpdateCheck = 1220;
				LastUpgradeCheck = 1220;
				TargetAttributes = {
					60798821258E43D500B36647 = {
						CreatedOnToolsVersion = 12.2;
					};
				};
			};
			buildConfigurationList = 6079881D258E43D500B36647 /* Build configuration list for PBXProject "WebViewWithPreLoaderApp" */;
			compatibilityVersion = "Xcode 9.3";
			developmentRegion = en;
			hasScannedForEncodings = 0;
			knownRegions = (
				en,
				Base,
			);
			mainGroup = 60798819258E43D500B36647;
			productRefGroup = 60798823258E43D500B36647 /* Products */;
			projectDirPath = "";
			projectRoot = "";
			targets = (
				60798821258E43D500B36647 /* WebViewWithPreLoaderApp */,
			);
		};
/* End PBXProject section */

/* Begin PBXResourcesBuildPhase section */
		60798820258E43D500B36647 /* Resources */ = {
			isa = PBXResourcesBuildPhase;
			buildActionMask = 2147483647;
			files = (
				60798832258E43E300B36647 /* LaunchScreen.storyboard in Resources */,
				6079882F258E43E300B36647 /* Assets.xcassets in Resources */,
				6079882D258E43D500B36647 /* Main.storyboard in Resources */,
				6079883D258E469300B36647 /* PreLoaderView.xib in Resources */,
			);
			runOnlyForDeploymentPostprocessing = 0;
		};
/* End PBXResourcesBuildPhase section */

/* Begin PBXSourcesBuildPhase section */
		6079881E258E43D500B36647 /* Sources */ = {
			isa = PBXSourcesBuildPhase;
			buildActionMask = 2147483647;
			files = (
				6079882A258E43D500B36647 /* ViewController.swift in Sources */,
				60798826258E43D500B36647 /* AppDelegate.swift in Sources */,
				60798828258E43D500B36647 /* SceneDelegate.swift in Sources */,
				6079883C258E469200B36647 /* PreLoaderView.swift in Sources */,
			);
			runOnlyForDeploymentPostprocessing = 0;
		};
/* End PBXSourcesBuildPhase section */

/* Begin PBXVariantGroup section */
		6079882B258E43D500B36647 /* Main.storyboard */ = {
			isa = PBXVariantGroup;
			children = (
				6079882C258E43D500B36647 /* Base */,
			);
			name = Main.storyboard;
			sourceTree = "<group>";
		};
		60798830258E43E300B36647 /* LaunchScreen.storyboard */ = {
			isa = PBXVariantGroup;
			children = (
				60798831258E43E300B36647 /* Base */,
			);
			name = LaunchScreen.storyboard;
			sourceTree = "<group>";
		};
/* End PBXVariantGroup section */

/* Begin XCBuildConfiguration section */
		60798834258E43E300B36647 /* Debug */ = {
			isa = XCBuildConfiguration;
			buildSettings = {
				ALWAYS_SEARCH_USER_PATHS = NO;
				CLANG_ANALYZER_NONNULL = YES;
				CLANG_ANALYZER_NUMBER_OBJECT_CONVERSION = YES_AGGRESSIVE;
				CLANG_CXX_LANGUAGE_STANDARD = "gnu++14";
				CLANG_CXX_LIBRARY = "libc++";
				CLANG_ENABLE_MODULES = YES;
				CLANG_ENABLE_OBJC_ARC = YES;
				CLANG_ENABLE_OBJC_WEAK = YES;
				CLANG_WARN_BLOCK_CAPTURE_AUTORELEASING = YES;
				CLANG_WARN_BOOL_CONVERSION = YES;
				CLANG_WARN_COMMA = YES;
				CLANG_WARN_CONSTANT_CONVERSION = YES;
				CLANG_WARN_DEPRECATED_OBJC_IMPLEMENTATIONS = YES;
				CLANG_WARN_DIRECT_OBJC_ISA_USAGE = YES_ERROR;
				CLANG_WARN_DOCUMENTATION_COMMENTS = YES;
				CLANG_WARN_EMPTY_BODY = YES;
				CLANG_WARN_ENUM_CONVERSION = YES;
				CLANG_WARN_INFINITE_RECURSION = YES;
				CLANG_WARN_INT_CONVERSION = YES;
				CLANG_WARN_NON_LITERAL_NULL_CONVERSION = YES;
				CLANG_WARN_OBJC_IMPLICIT_RETAIN_SELF = YES;
				CLANG_WARN_OBJC_LITERAL_CONVERSION = YES;
				CLANG_WARN_OBJC_ROOT_CLASS = YES_ERROR;
				CLANG_WARN_QUOTED_INCLUDE_IN_FRAMEWORK_HEADER = YES;
				CLANG_WARN_RANGE_LOOP_ANALYSIS = YES;
				CLANG_WARN_STRICT_PROTOTYPES = YES;
				CLANG_WARN_SUSPICIOUS_MOVE = YES;
				CLANG_WARN_UNGUARDED_AVAILABILITY = YES_AGGRESSIVE;
				CLANG_WARN_UNREACHABLE_CODE = YES;
				CLANG_WARN__DUPLICATE_METHOD_MATCH = YES;
				COPY_PHASE_STRIP = NO;
				DEBUG_INFORMATION_FORMAT = dwarf;
				ENABLE_STRICT_OBJC_MSGSEND = YES;
				ENABLE_TESTABILITY = YES;
				GCC_C_LANGUAGE_STANDARD = gnu11;
				GCC_DYNAMIC_NO_PIC = NO;
				GCC_NO_COMMON_BLOCKS = YES;
				GCC_OPTIMIZATION_LEVEL = 0;
				GCC_PREPROCESSOR_DEFINITIONS = (
					"DEBUG=1",
					"$(inherited)",
				);
				GCC_WARN_64_TO_32_BIT_CONVERSION = YES;
				GCC_WARN_ABOUT_RETURN_TYPE = YES_ERROR;
				GCC_WARN_UNDECLARED_SELECTOR = YES;
				GCC_WARN_UNINITIALIZED_AUTOS = YES_AGGRESSIVE;
				GCC_WARN_UNUSED_FUNCTION = YES;
				GCC_WARN_UNUSED_VARIABLE = YES;
				IPHONEOS_DEPLOYMENT_TARGET = 14.2;
				MTL_ENABLE_DEBUG_INFO = INCLUDE_SOURCE;
				MTL_FAST_MATH = YES;
				ONLY_ACTIVE_ARCH = YES;
				SDKROOT = iphoneos;
				SWIFT_ACTIVE_COMPILATION_CONDITIONS = DEBUG;
				SWIFT_OPTIMIZATION_LEVEL = "-Onone";
			};
			name = Debug;
		};
		60798835258E43E300B36647 /* Release */ = {
			isa = XCBuildConfiguration;
			buildSettings = {
				ALWAYS_SEARCH_USER_PATHS = NO;
				CLANG_ANALYZER_NONNULL = YES;
				CLANG_ANALYZER_NUMBER_OBJECT_CONVERSION = YES_AGGRESSIVE;
				CLANG_CXX_LANGUAGE_STANDARD = "gnu++14";
				CLANG_CXX_LIBRARY = "libc++";
				CLANG_ENABLE_MODULES = YES;
				CLANG_ENABLE_OBJC_ARC = YES;
				CLANG_ENABLE_OBJC_WEAK = YES;
				CLANG_WARN_BLOCK_CAPTURE_AUTORELEASING = YES;
				CLANG_WARN_BOOL_CONVERSION = YES;
				CLANG_WARN_COMMA = YES;
				CLANG_WARN_CONSTANT_CONVERSION = YES;
				CLANG_WARN_DEPRECATED_OBJC_IMPLEMENTATIONS = YES;
				CLANG_WARN_DIRECT_OBJC_ISA_USAGE = YES_ERROR;
				CLANG_WARN_DOCUMENTATION_COMMENTS = YES;
				CLANG_WARN_EMPTY_BODY = YES;
				CLANG_WARN_ENUM_CONVERSION = YES;
				CLANG_WARN_INFINITE_RECURSION = YES;
				CLANG_WARN_INT_CONVERSION = YES;
				CLANG_WARN_NON_LITERAL_NULL_CONVERSION = YES;
				CLANG_WARN_OBJC_IMPLICIT_RETAIN_SELF = YES;
				CLANG_WARN_OBJC_LITERAL_CONVERSION = YES;
				CLANG_WARN_OBJC_ROOT_CLASS = YES_ERROR;
				CLANG_WARN_QUOTED_INCLUDE_IN_FRAMEWORK_HEADER = YES;
				CLANG_WARN_RANGE_LOOP_ANALYSIS = YES;
				CLANG_WARN_STRICT_PROTOTYPES = YES;
				CLANG_WARN_SUSPICIOUS_MOVE = YES;
				CLANG_WARN_UNGUARDED_AVAILABILITY = YES_AGGRESSIVE;
				CLANG_WARN_UNREACHABLE_CODE = YES;
				CLANG_WARN__DUPLICATE_METHOD_MATCH = YES;
				COPY_PHASE_STRIP = NO;
				DEBUG_INFORMATION_FORMAT = "dwarf-with-dsym";
				ENABLE_NS_ASSERTIONS = NO;
				ENABLE_STRICT_OBJC_MSGSEND = YES;
				GCC_C_LANGUAGE_STANDARD = gnu11;
				GCC_NO_COMMON_BLOCKS = YES;
				GCC_WARN_64_TO_32_BIT_CONVERSION = YES;
				GCC_WARN_ABOUT_RETURN_TYPE = YES_ERROR;
				GCC_WARN_UNDECLARED_SELECTOR = YES;
				GCC_WARN_UNINITIALIZED_AUTOS = YES_AGGRESSIVE;
				GCC_WARN_UNUSED_FUNCTION = YES;
				GCC_WARN_UNUSED_VARIABLE = YES;
				IPHONEOS_DEPLOYMENT_TARGET = 14.2;
				MTL_ENABLE_DEBUG_INFO = NO;
				MTL_FAST_MATH = YES;
				SDKROOT = iphoneos;
				SWIFT_COMPILATION_MODE = wholemodule;
				SWIFT_OPTIMIZATION_LEVEL = "-O";
				VALIDATE_PRODUCT = YES;
			};
			name = Release;
		};
		60798837258E43E300B36647 /* Debug */ = {
			isa = XCBuildConfiguration;
			buildSettings = {
				ASSETCATALOG_COMPILER_APPICON_NAME = AppIcon;
				ASSETCATALOG_COMPILER_GLOBAL_ACCENT_COLOR_NAME = AccentColor;
				CODE_SIGN_STYLE = Automatic;
				INFOPLIST_FILE = WebViewWithPreLoaderApp/Info.plist;
				LD_RUNPATH_SEARCH_PATHS = (
					"$(inherited)",
					"@executable_path/Frameworks",
				);
				PRODUCT_BUNDLE_IDENTIFIER = "ru.denis-khudoyarov.WebViewWithPreLoaderApp";
				PRODUCT_NAME = "$(TARGET_NAME)";
				SWIFT_VERSION = 5.0;
				TARGETED_DEVICE_FAMILY = "1,2";
			};
			name = Debug;
		};
		60798838258E43E300B36647 /* Release */ = {
			isa = XCBuildConfiguration;
			buildSettings = {
				ASSETCATALOG_COMPILER_APPICON_NAME = AppIcon;
				ASSETCATALOG_COMPILER_GLOBAL_ACCENT_COLOR_NAME = AccentColor;
				CODE_SIGN_STYLE = Automatic;
				INFOPLIST_FILE = WebViewWithPreLoaderApp/Info.plist;
				LD_RUNPATH_SEARCH_PATHS = (
					"$(inherited)",
					"@executable_path/Frameworks",
				);
				PRODUCT_BUNDLE_IDENTIFIER = "ru.denis-khudoyarov.WebViewWithPreLoaderApp";
				PRODUCT_NAME = "$(TARGET_NAME)";
				SWIFT_VERSION = 5.0;
				TARGETED_DEVICE_FAMILY = "1,2";
			};
			name = Release;
		};
/* End XCBuildConfiguration section */

/* Begin XCConfigurationList section */
		6079881D258E43D500B36647 /* Build configuration list for PBXProject "WebViewWithPreLoaderApp" */ = {
			isa = XCConfigurationList;
			buildConfigurations = (
				60798834258E43E300B36647 /* Debug */,
				60798835258E43E300B36647 /* Release */,
			);
			defaultConfigurationIsVisible = 0;
			defaultConfigurationName = Release;
		};
		60798836258E43E300B36647 /* Build configuration list for PBXNativeTarget "WebViewWithPreLoaderApp" */ = {
			isa = XCConfigurationList;
			buildConfigurations = (
				60798837258E43E300B36647 /* Debug */,
				60798838258E43E300B36647 /* Release */,
			);
			defaultConfigurationIsVisible = 0;
			defaultConfigurationName = Release;
		};
/* End XCConfigurationList section */
	};
	rootObject = 6079881A258E43D500B36647 /* Project object */;
}
